// !$*UTF8*$!
{
	archiveVersion = 1;
	classes = {
	};
	objectVersion = 50;
	objects = {

/* Begin PBXBuildFile section */
		2C47DA6321BDFAF800E2A153 /* AppDelegate.swift in Sources */ = {isa = PBXBuildFile; fileRef = 2C47DA6221BDFAF800E2A153 /* AppDelegate.swift */; };
		2C47DA6521BDFAF800E2A153 /* ViewController.swift in Sources */ = {isa = PBXBuildFile; fileRef = 2C47DA6421BDFAF800E2A153 /* ViewController.swift */; };
		2C47DA6821BDFAF800E2A153 /* Main.storyboard in Resources */ = {isa = PBXBuildFile; fileRef = 2C47DA6621BDFAF800E2A153 /* Main.storyboard */; };
		2C47DA6A21BDFAFA00E2A153 /* Assets.xcassets in Resources */ = {isa = PBXBuildFile; fileRef = 2C47DA6921BDFAFA00E2A153 /* Assets.xcassets */; };
		2C47DA6D21BDFAFA00E2A153 /* LaunchScreen.storyboard in Resources */ = {isa = PBXBuildFile; fileRef = 2C47DA6B21BDFAFA00E2A153 /* LaunchScreen.storyboard */; };
		2C47DA7721BDFBF400E2A153 /* ASTableNode.swift in Sources */ = {isa = PBXBuildFile; fileRef = 2C47DA7621BDFBF400E2A153 /* ASTableNode.swift */; };
		2C47DA7921BE00CF00E2A153 /* ASTableCellNode.swift in Sources */ = {isa = PBXBuildFile; fileRef = 2C47DA7821BE00CF00E2A153 /* ASTableCellNode.swift */; };
		2C47DA7B21BE1B3400E2A153 /* largeimage in Resources */ = {isa = PBXBuildFile; fileRef = 2C47DA7A21BE1B3400E2A153 /* largeimage */; };
/* End PBXBuildFile section */

/* Begin PBXFileReference section */
		2C47DA5F21BDFAF800E2A153 /* ImplementASDK.app */ = {isa = PBXFileReference; explicitFileType = wrapper.application; includeInIndex = 0; path = ImplementASDK.app; sourceTree = BUILT_PRODUCTS_DIR; };
		2C47DA6221BDFAF800E2A153 /* AppDelegate.swift */ = {isa = PBXFileReference; lastKnownFileType = sourcecode.swift; path = AppDelegate.swift; sourceTree = "<group>"; };
		2C47DA6421BDFAF800E2A153 /* ViewController.swift */ = {isa = PBXFileReference; lastKnownFileType = sourcecode.swift; path = ViewController.swift; sourceTree = "<group>"; };
		2C47DA6721BDFAF800E2A153 /* Base */ = {isa = PBXFileReference; lastKnownFileType = file.storyboard; name = Base; path = Base.lproj/Main.storyboard; sourceTree = "<group>"; };
		2C47DA6921BDFAFA00E2A153 /* Assets.xcassets */ = {isa = PBXFileReference; lastKnownFileType = folder.assetcatalog; path = Assets.xcassets; sourceTree = "<group>"; };
		2C47DA6C21BDFAFA00E2A153 /* Base */ = {isa = PBXFileReference; lastKnownFileType = file.storyboard; name = Base; path = Base.lproj/LaunchScreen.storyboard; sourceTree = "<group>"; };
		2C47DA6E21BDFAFA00E2A153 /* Info.plist */ = {isa = PBXFileReference; lastKnownFileType = text.plist.xml; path = Info.plist; sourceTree = "<group>"; };
		2C47DA7621BDFBF400E2A153 /* ASTableNode.swift */ = {isa = PBXFileReference; lastKnownFileType = sourcecode.swift; path = ASTableNode.swift; sourceTree = "<group>"; };
		2C47DA7821BE00CF00E2A153 /* ASTableCellNode.swift */ = {isa = PBXFileReference; lastKnownFileType = sourcecode.swift; path = ASTableCellNode.swift; sourceTree = "<group>"; };
		2C47DA7A21BE1B3400E2A153 /* largeimage */ = {isa = PBXFileReference; lastKnownFileType = folder; path = largeimage; sourceTree = "<group>"; };
/* End PBXFileReference section */

/* Begin PBXFrameworksBuildPhase section */
		2C47DA5C21BDFAF800E2A153 /* Frameworks */ = {
			isa = PBXFrameworksBuildPhase;
			buildActionMask = 2147483647;
			files = (
			);
			runOnlyForDeploymentPostprocessing = 0;
		};
/* End PBXFrameworksBuildPhase section */

/* Begin PBXGroup section */
		2C47DA5621BDFAF800E2A153 = {
			isa = PBXGroup;
			children = (
				2C47DA6121BDFAF800E2A153 /* ImplementASDK */,
				2C47DA6021BDFAF800E2A153 /* Products */,
			);
			sourceTree = "<group>";
		};
		2C47DA6021BDFAF800E2A153 /* Products */ = {
			isa = PBXGroup;
			children = (
				2C47DA5F21BDFAF800E2A153 /* ImplementASDK.app */,
			);
			name = Products;
			sourceTree = "<group>";
		};
		2C47DA6121BDFAF800E2A153 /* ImplementASDK */ = {
			isa = PBXGroup;
			children = (
				2C47DA7A21BE1B3400E2A153 /* largeimage */,
				2C47DA6221BDFAF800E2A153 /* AppDelegate.swift */,
				2C47DA6421BDFAF800E2A153 /* ViewController.swift */,
				2C47DA6621BDFAF800E2A153 /* Main.storyboard */,
				2C47DA6921BDFAFA00E2A153 /* Assets.xcassets */,
				2C47DA6B21BDFAFA00E2A153 /* LaunchScreen.storyboard */,
				2C47DA6E21BDFAFA00E2A153 /* Info.plist */,
				2C47DA7621BDFBF400E2A153 /* ASTableNode.swift */,
				2C47DA7821BE00CF00E2A153 /* ASTableCellNode.swift */,
			);
			path = ImplementASDK;
			sourceTree = "<group>";
		};
/* End PBXGroup section */

/* Begin PBXNativeTarget section */
		2C47DA5E21BDFAF800E2A153 /* ImplementASDK */ = {
			isa = PBXNativeTarget;
			buildConfigurationList = 2C47DA7121BDFAFA00E2A153 /* Build configuration list for PBXNativeTarget "ImplementASDK" */;
			buildPhases = (
				2C47DA5B21BDFAF800E2A153 /* Sources */,
				2C47DA5C21BDFAF800E2A153 /* Frameworks */,
				2C47DA5D21BDFAF800E2A153 /* Resources */,
			);
			buildRules = (
			);
			dependencies = (
			);
			name = ImplementASDK;
			productName = ImplementASDK;
			productReference = 2C47DA5F21BDFAF800E2A153 /* ImplementASDK.app */;
			productType = "com.apple.product-type.application";
		};
/* End PBXNativeTarget section */

/* Begin PBXProject section */
		2C47DA5721BDFAF800E2A153 /* Project object */ = {
			isa = PBXProject;
			attributes = {
				LastSwiftUpdateCheck = 1010;
				LastUpgradeCheck = 1010;
				ORGANIZATIONNAME = yellfun;
				TargetAttributes = {
					2C47DA5E21BDFAF800E2A153 = {
						CreatedOnToolsVersion = 10.1;
					};
				};
			};
			buildConfigurationList = 2C47DA5A21BDFAF800E2A153 /* Build configuration list for PBXProject "ImplementASDK" */;
			compatibilityVersion = "Xcode 9.3";
			developmentRegion = en;
			hasScannedForEncodings = 0;
			knownRegions = (
				en,
				Base,
			);
			mainGroup = 2C47DA5621BDFAF800E2A153;
			productRefGroup = 2C47DA6021BDFAF800E2A153 /* Products */;
			projectDirPath = "";
			projectRoot = "";
			targets = (
				2C47DA5E21BDFAF800E2A153 /* ImplementASDK */,
			);
		};
/* End PBXProject section */

/* Begin PBXResourcesBuildPhase section */
		2C47DA5D21BDFAF800E2A153 /* Resources */ = {
			isa = PBXResourcesBuildPhase;
			buildActionMask = 2147483647;
			files = (
				2C47DA7B21BE1B3400E2A153 /* largeimage in Resources */,
				2C47DA6D21BDFAFA00E2A153 /* LaunchScreen.storyboard in Resources */,
				2C47DA6A21BDFAFA00E2A153 /* Assets.xcassets in Resources */,
				2C47DA6821BDFAF800E2A153 /* Main.storyboard in Resources */,
			);
			runOnlyForDeploymentPostprocessing = 0;
		};
/* End PBXResourcesBuildPhase section */

/* Begin PBXSourcesBuildPhase section */
		2C47DA5B21BDFAF800E2A153 /* Sources */ = {
			isa = PBXSourcesBuildPhase;
			buildActionMask = 2147483647;
			files = (
				2C47DA6521BDFAF800E2A153 /* ViewController.swift in Sources */,
				2C47DA6321BDFAF800E2A153 /* AppDelegate.swift in Sources */,
				2C47DA7921BE00CF00E2A153 /* ASTableCellNode.swift in Sources */,
				2C47DA7721BDFBF400E2A153 /* ASTableNode.swift in Sources */,
			);
			runOnlyForDeploymentPostprocessing = 0;
		};
/* End PBXSourcesBuildPhase section */

/* Begin PBXVariantGroup section */
		2C47DA6621BDFAF800E2A153 /* Main.storyboard */ = {
			isa = PBXVariantGroup;
			children = (
				2C47DA6721BDFAF800E2A153 /* Base */,
			);
			name = Main.storyboard;
			sourceTree = "<group>";
		};
		2C47DA6B21BDFAFA00E2A153 /* LaunchScreen.storyboard */ = {
			isa = PBXVariantGroup;
			children = (
				2C47DA6C21BDFAFA00E2A153 /* Base */,
			);
			name = LaunchScreen.storyboard;
			sourceTree = "<group>";
		};
/* End PBXVariantGroup section */

/* Begin XCBuildConfiguration section */
		2C47DA6F21BDFAFA00E2A153 /* Debug */ = {
			isa = XCBuildConfiguration;
			buildSettings = {
				ALWAYS_SEARCH_USER_PATHS = NO;
				CLANG_ANALYZER_NONNULL = YES;
				CLANG_ANALYZER_NUMBER_OBJECT_CONVERSION = YES_AGGRESSIVE;
				CLANG_CXX_LANGUAGE_STANDARD = "gnu++14";
				CLANG_CXX_LIBRARY = "libc++";
				CLANG_ENABLE_MODULES = YES;
				CLANG_ENABLE_OBJC_ARC = YES;
				CLANG_ENABLE_OBJC_WEAK = YES;
				CLANG_WARN_BLOCK_CAPTURE_AUTORELEASING = YES;
				CLANG_WARN_BOOL_CONVERSION = YES;
				CLANG_WARN_COMMA = YES;
				CLANG_WARN_CONSTANT_CONVERSION = YES;
				CLANG_WARN_DEPRECATED_OBJC_IMPLEMENTATIONS = YES;
				CLANG_WARN_DIRECT_OBJC_ISA_USAGE = YES_ERROR;
				CLANG_WARN_DOCUMENTATION_COMMENTS = YES;
				CLANG_WARN_EMPTY_BODY = YES;
				CLANG_WARN_ENUM_CONVERSION = YES;
				CLANG_WARN_INFINITE_RECURSION = YES;
				CLANG_WARN_INT_CONVERSION = YES;
				CLANG_WARN_NON_LITERAL_NULL_CONVERSION = YES;
				CLANG_WARN_OBJC_IMPLICIT_RETAIN_SELF = YES;
				CLANG_WARN_OBJC_LITERAL_CONVERSION = YES;
				CLANG_WARN_OBJC_ROOT_CLASS = YES_ERROR;
				CLANG_WARN_RANGE_LOOP_ANALYSIS = YES;
				CLANG_WARN_STRICT_PROTOTYPES = YES;
				CLANG_WARN_SUSPICIOUS_MOVE = YES;
				CLANG_WARN_UNGUARDED_AVAILABILITY = YES_AGGRESSIVE;
				CLANG_WARN_UNREACHABLE_CODE = YES;
				CLANG_WARN__DUPLICATE_METHOD_MATCH = YES;
				CODE_SIGN_IDENTITY = "iPhone Developer";
				COPY_PHASE_STRIP = NO;
				DEBUG_INFORMATION_FORMAT = dwarf;
				ENABLE_STRICT_OBJC_MSGSEND = YES;
				ENABLE_TESTABILITY = YES;
				GCC_C_LANGUAGE_STANDARD = gnu11;
				GCC_DYNAMIC_NO_PIC = NO;
				GCC_NO_COMMON_BLOCKS = YES;
				GCC_OPTIMIZATION_LEVEL = 0;
				GCC_PREPROCESSOR_DEFINITIONS = (
					"DEBUG=1",
					"$(inherited)",
				);
				GCC_WARN_64_TO_32_BIT_CONVERSION = YES;
				GCC_WARN_ABOUT_RETURN_TYPE = YES_ERROR;
				GCC_WARN_UNDECLARED_SELECTOR = YES;
				GCC_WARN_UNINITIALIZED_AUTOS = YES_AGGRESSIVE;
				GCC_WARN_UNUSED_FUNCTION = YES;
				GCC_WARN_UNUSED_VARIABLE = YES;
				IPHONEOS_DEPLOYMENT_TARGET = 12.1;
				MTL_ENABLE_DEBUG_INFO = INCLUDE_SOURCE;
				MTL_FAST_MATH = YES;
				ONLY_ACTIVE_ARCH = YES;
				SDKROOT = iphoneos;
				SWIFT_ACTIVE_COMPILATION_CONDITIONS = DEBUG;
				SWIFT_OPTIMIZATION_LEVEL = "-Onone";
			};
			name = Debug;
		};
		2C47DA7021BDFAFA00E2A153 /* Release */ = {
			isa = XCBuildConfiguration;
			buildSettings = {
				ALWAYS_SEARCH_USER_PATHS = NO;
				CLANG_ANALYZER_NONNULL = YES;
				CLANG_ANALYZER_NUMBER_OBJECT_CONVERSION = YES_AGGRESSIVE;
				CLANG_CXX_LANGUAGE_STANDARD = "gnu++14";
				CLANG_CXX_LIBRARY = "libc++";
				CLANG_ENABLE_MODULES = YES;
				CLANG_ENABLE_OBJC_ARC = YES;
				CLANG_ENABLE_OBJC_WEAK = YES;
				CLANG_WARN_BLOCK_CAPTURE_AUTORELEASING = YES;
				CLANG_WARN_BOOL_CONVERSION = YES;
				CLANG_WARN_COMMA = YES;
				CLANG_WARN_CONSTANT_CONVERSION = YES;
				CLANG_WARN_DEPRECATED_OBJC_IMPLEMENTATIONS = YES;
				CLANG_WARN_DIRECT_OBJC_ISA_USAGE = YES_ERROR;
				CLANG_WARN_DOCUMENTATION_COMMENTS = YES;
				CLANG_WARN_EMPTY_BODY = YES;
				CLANG_WARN_ENUM_CONVERSION = YES;
				CLANG_WARN_INFINITE_RECURSION = YES;
				CLANG_WARN_INT_CONVERSION = YES;
				CLANG_WARN_NON_LITERAL_NULL_CONVERSION = YES;
				CLANG_WARN_OBJC_IMPLICIT_RETAIN_SELF = YES;
				CLANG_WARN_OBJC_LITERAL_CONVERSION = YES;
				CLANG_WARN_OBJC_ROOT_CLASS = YES_ERROR;
				CLANG_WARN_RANGE_LOOP_ANALYSIS = YES;
				CLANG_WARN_STRICT_PROTOTYPES = YES;
				CLANG_WARN_SUSPICIOUS_MOVE = YES;
				CLANG_WARN_UNGUARDED_AVAILABILITY = YES_AGGRESSIVE;
				CLANG_WARN_UNREACHABLE_CODE = YES;
				CLANG_WARN__DUPLICATE_METHOD_MATCH = YES;
				CODE_SIGN_IDENTITY = "iPhone Developer";
				COPY_PHASE_STRIP = NO;
				DEBUG_INFORMATION_FORMAT = "dwarf-with-dsym";
				ENABLE_NS_ASSERTIONS = NO;
				ENABLE_STRICT_OBJC_MSGSEND = YES;
				GCC_C_LANGUAGE_STANDARD = gnu11;
				GCC_NO_COMMON_BLOCKS = YES;
				GCC_WARN_64_TO_32_BIT_CONVERSION = YES;
				GCC_WARN_ABOUT_RETURN_TYPE = YES_ERROR;
				GCC_WARN_UNDECLARED_SELECTOR = YES;
				GCC_WARN_UNINITIALIZED_AUTOS = YES_AGGRESSIVE;
				GCC_WARN_UNUSED_FUNCTION = YES;
				GCC_WARN_UNUSED_VARIABLE = YES;
				IPHONEOS_DEPLOYMENT_TARGET = 12.1;
				MTL_ENABLE_DEBUG_INFO = NO;
				MTL_FAST_MATH = YES;
				SDKROOT = iphoneos;
				SWIFT_COMPILATION_MODE = wholemodule;
				SWIFT_OPTIMIZATION_LEVEL = "-O";
				VALIDATE_PRODUCT = YES;
			};
			name = Release;
		};
		2C47DA7221BDFAFA00E2A153 /* Debug */ = {
			isa = XCBuildConfiguration;
			buildSettings = {
				ASSETCATALOG_COMPILER_APPICON_NAME = AppIcon;
				CODE_SIGN_STYLE = Automatic;
				DEVELOPMENT_TEAM = 6T39E5QM8Q;
				INFOPLIST_FILE = ImplementASDK/Info.plist;
				LD_RUNPATH_SEARCH_PATHS = (
					"$(inherited)",
					"@executable_path/Frameworks",
				);
				PRODUCT_BUNDLE_IDENTIFIER = com.yellfun.ImplementASDK;
				PRODUCT_NAME = "$(TARGET_NAME)";
				SWIFT_VERSION = 4.2;
				TARGETED_DEVICE_FAMILY = "1,2";
			};
			name = Debug;
		};
		2C47DA7321BDFAFA00E2A153 /* Release */ = {
			isa = XCBuildConfiguration;
			buildSettings = {
				ASSETCATALOG_COMPILER_APPICON_NAME = AppIcon;
				CODE_SIGN_STYLE = Automatic;
				DEVELOPMENT_TEAM = 6T39E5QM8Q;
				INFOPLIST_FILE = ImplementASDK/Info.plist;
				LD_RUNPATH_SEARCH_PATHS = (
					"$(inherited)",
					"@executable_path/Frameworks",
				);
				PRODUCT_BUNDLE_IDENTIFIER = com.yellfun.ImplementASDK;
				PRODUCT_NAME = "$(TARGET_NAME)";
				SWIFT_VERSION = 4.2;
				TARGETED_DEVICE_FAMILY = "1,2";
			};
			name = Release;
		};
/* End XCBuildConfiguration section */

/* Begin XCConfigurationList section */
		2C47DA5A21BDFAF800E2A153 /* Build configuration list for PBXProject "ImplementASDK" */ = {
			isa = XCConfigurationList;
			buildConfigurations = (
				2C47DA6F21BDFAFA00E2A153 /* Debug */,
				2C47DA7021BDFAFA00E2A153 /* Release */,
			);
			defaultConfigurationIsVisible = 0;
			defaultConfigurationName = Release;
		};
		2C47DA7121BDFAFA00E2A153 /* Build configuration list for PBXNativeTarget "ImplementASDK" */ = {
			isa = XCConfigurationList;
			buildConfigurations = (
				2C47DA7221BDFAFA00E2A153 /* Debug */,
				2C47DA7321BDFAFA00E2A153 /* Release */,
			);
			defaultConfigurationIsVisible = 0;
			defaultConfigurationName = Release;
		};
/* End XCConfigurationList section */
	};
	rootObject = 2C47DA5721BDFAF800E2A153 /* Project object */;
}
